
Microsoft Visual Studio Solution File, Format Version 12.00
# Visual Studio 14
VisualStudioVersion = 14.0.25123.0
MinimumVisualStudioVersion = 10.0.40219.1
Project("{2150E333-8FDC-42A3-9474-1A3956D46DE8}") = "src", "src", "{88BB5242-4C64-44B4-90E9-613EEDFB3F2A}"
EndProject
Project("{2150E333-8FDC-42A3-9474-1A3956D46DE8}") = "Solution Items", "Solution Items", "{4D051B40-E7E5-46F6-98B4-67C61292DE4D}"
	ProjectSection(SolutionItems) = preProject
		global.json = global.json
	EndProjectSection
EndProject
Project("{8BB2217D-0F2D-49D1-97BC-3654ED321F3B}") = "ConsoleApp1", "src\ConsoleApp1\ConsoleApp1.xproj", "{CD5B68CF-3D7F-4E87-904E-2D00351E210F}"
EndProject
Global
	GlobalSection(SolutionConfigurationPlatforms) = preSolution
		Debug|Any CPU = Debug|Any CPU
		Release|Any CPU = Release|Any CPU
	EndGlobalSection
	GlobalSection(ProjectConfigurationPlatforms) = postSolution
		{CD5B68CF-3D7F-4E87-904E-2D00351E210F}.Debug|Any CPU.ActiveCfg = Debug|Any CPU
		{CD5B68CF-3D7F-4E87-904E-2D00351E210F}.Debug|Any CPU.Build.0 = Debug|Any CPU
		{CD5B68CF-3D7F-4E87-904E-2D00351E210F}.Release|Any CPU.ActiveCfg = Release|Any CPU
		{CD5B68CF-3D7F-4E87-904E-2D00351E210F}.Release|Any CPU.Build.0 = Release|Any CPU
	EndGlobalSection
	GlobalSection(SolutionProperties) = preSolution
		HideSolutionNode = FALSE
	EndGlobalSection
	GlobalSection(NestedProjects) = preSolution
		{CD5B68CF-3D7F-4E87-904E-2D00351E210F} = {88BB5242-4C64-44B4-90E9-613EEDFB3F2A}
	EndGlobalSection
EndGlobal
